
Microsoft Visual Studio Solution File, Format Version 12.00
# Visual Studio Version 16
VisualStudioVersion = 16.0.29519.181
MinimumVisualStudioVersion = 10.0.40219.1
Project("{FAE04EC0-301F-11D3-BF4B-00C04F79EFBC}") = "ProgrammingIIIFinal", "ProgrammingIIIFinal\ProgrammingIIIFinal.csproj", "{EA6693A9-E5B0-4C53-8760-1422C837A758}"
EndProject
Global
	GlobalSection(SolutionConfigurationPlatforms) = preSolution
		Debug|Any CPU = Debug|Any CPU
		Release|Any CPU = Release|Any CPU
	EndGlobalSection
	GlobalSection(ProjectConfigurationPlatforms) = postSolution
		{EA6693A9-E5B0-4C53-8760-1422C837A758}.Debug|Any CPU.ActiveCfg = Debug|Any CPU
		{EA6693A9-E5B0-4C53-8760-1422C837A758}.Debug|Any CPU.Build.0 = Debug|Any CPU
		{EA6693A9-E5B0-4C53-8760-1422C837A758}.Release|Any CPU.ActiveCfg = Release|Any CPU
		{EA6693A9-E5B0-4C53-8760-1422C837A758}.Release|Any CPU.Build.0 = Release|Any CPU
	EndGlobalSection
	GlobalSection(SolutionProperties) = preSolution
		HideSolutionNode = FALSE
	EndGlobalSection
	GlobalSection(ExtensibilityGlobals) = postSolution
		SolutionGuid = {33913CCF-3B3B-4B6E-99E9-BDF8A5C5DD50}
	EndGlobalSection
EndGlobal
